
Microsoft Visual Studio Solution File, Format Version 12.00
# Visual Studio Version 17
VisualStudioVersion = 17.5.33627.172
MinimumVisualStudioVersion = 10.0.40219.1
Project("{FAE04EC0-301F-11D3-BF4B-00C04F79EFBC}") = "BL", "BL\BL.csproj", "{5FBF98F3-FEB2-4A24-8CE6-86238D70AEE0}"
EndProject
Project("{FAE04EC0-301F-11D3-BF4B-00C04F79EFBC}") = "UnitTestProject", "UnitTestProject\UnitTestProject.csproj", "{AD5DFE46-2264-468F-9464-A7CC19225312}"
EndProject
Global
	GlobalSection(SolutionConfigurationPlatforms) = preSolution
		Debug|Any CPU = Debug|Any CPU
		Release|Any CPU = Release|Any CPU
	EndGlobalSection
	GlobalSection(ProjectConfigurationPlatforms) = postSolution
		{5FBF98F3-FEB2-4A24-8CE6-86238D70AEE0}.Debug|Any CPU.ActiveCfg = Debug|Any CPU
		{5FBF98F3-FEB2-4A24-8CE6-86238D70AEE0}.Debug|Any CPU.Build.0 = Debug|Any CPU
		{5FBF98F3-FEB2-4A24-8CE6-86238D70AEE0}.Release|Any CPU.ActiveCfg = Release|Any CPU
		{5FBF98F3-FEB2-4A24-8CE6-86238D70AEE0}.Release|Any CPU.Build.0 = Release|Any CPU
		{AD5DFE46-2264-468F-9464-A7CC19225312}.Debug|Any CPU.ActiveCfg = Debug|Any CPU
		{AD5DFE46-2264-468F-9464-A7CC19225312}.Debug|Any CPU.Build.0 = Debug|Any CPU
		{AD5DFE46-2264-468F-9464-A7CC19225312}.Release|Any CPU.ActiveCfg = Release|Any CPU
		{AD5DFE46-2264-468F-9464-A7CC19225312}.Release|Any CPU.Build.0 = Release|Any CPU
	EndGlobalSection
	GlobalSection(SolutionProperties) = preSolution
		HideSolutionNode = FALSE
	EndGlobalSection
	GlobalSection(ExtensibilityGlobals) = postSolution
		SolutionGuid = {6397CA3E-C1A6-4FB5-B8EA-F01546912704}
	EndGlobalSection
EndGlobal
